
Microsoft Visual Studio Solution File, Format Version 12.00
# Visual Studio Version 17
VisualStudioVersion = 17.2.32505.173
MinimumVisualStudioVersion = 10.0.40219.1
Project("{FAE04EC0-301F-11D3-BF4B-00C04F79EFBC}") = "AppGithub", "AppGithub\AppGithub.csproj", "{D1DDD602-F3D8-4134-9148-9761ABF4B55A}"
EndProject
Global
	GlobalSection(SolutionConfigurationPlatforms) = preSolution
		Debug|Any CPU = Debug|Any CPU
		Release|Any CPU = Release|Any CPU
	EndGlobalSection
	GlobalSection(ProjectConfigurationPlatforms) = postSolution
		{D1DDD602-F3D8-4134-9148-9761ABF4B55A}.Debug|Any CPU.ActiveCfg = Debug|Any CPU
		{D1DDD602-F3D8-4134-9148-9761ABF4B55A}.Debug|Any CPU.Build.0 = Debug|Any CPU
		{D1DDD602-F3D8-4134-9148-9761ABF4B55A}.Release|Any CPU.ActiveCfg = Release|Any CPU
		{D1DDD602-F3D8-4134-9148-9761ABF4B55A}.Release|Any CPU.Build.0 = Release|Any CPU
	EndGlobalSection
	GlobalSection(SolutionProperties) = preSolution
		HideSolutionNode = FALSE
	EndGlobalSection
	GlobalSection(ExtensibilityGlobals) = postSolution
		SolutionGuid = {AC395563-F3C3-4E1B-84A9-5D252B4CD59F}
	EndGlobalSection
EndGlobal
